
Microsoft Visual Studio Solution File, Format Version 12.00
# Visual Studio 2012
Project("{FAE04EC0-301F-11D3-BF4B-00C04F79EFBC}") = "CamlQueryUnitTest", "CamlQueryUnitTest\CamlQueryUnitTest.csproj", "{37264E7C-E8F2-49DF-B49B-3FD9EBF9E7FB}"
EndProject
Project("{FAE04EC0-301F-11D3-BF4B-00C04F79EFBC}") = "CamlQuery", "CamlQuery\CamlQuery.csproj", "{D22CF4AB-C85F-4C66-8F61-39B69409F49B}"
EndProject
Global
	GlobalSection(SolutionConfigurationPlatforms) = preSolution
		Debug|Any CPU = Debug|Any CPU
		Release|Any CPU = Release|Any CPU
	EndGlobalSection
	GlobalSection(ProjectConfigurationPlatforms) = postSolution
		{37264E7C-E8F2-49DF-B49B-3FD9EBF9E7FB}.Debug|Any CPU.ActiveCfg = Debug|Any CPU
		{37264E7C-E8F2-49DF-B49B-3FD9EBF9E7FB}.Debug|Any CPU.Build.0 = Debug|Any CPU
		{37264E7C-E8F2-49DF-B49B-3FD9EBF9E7FB}.Release|Any CPU.ActiveCfg = Release|Any CPU
		{37264E7C-E8F2-49DF-B49B-3FD9EBF9E7FB}.Release|Any CPU.Build.0 = Release|Any CPU
		{D22CF4AB-C85F-4C66-8F61-39B69409F49B}.Debug|Any CPU.ActiveCfg = Debug|Any CPU
		{D22CF4AB-C85F-4C66-8F61-39B69409F49B}.Debug|Any CPU.Build.0 = Debug|Any CPU
		{D22CF4AB-C85F-4C66-8F61-39B69409F49B}.Release|Any CPU.ActiveCfg = Release|Any CPU
		{D22CF4AB-C85F-4C66-8F61-39B69409F49B}.Release|Any CPU.Build.0 = Release|Any CPU
	EndGlobalSection
	GlobalSection(SolutionProperties) = preSolution
		HideSolutionNode = FALSE
	EndGlobalSection
EndGlobal
